
Microsoft Visual Studio Solution File, Format Version 12.00
# Visual Studio Version 17
VisualStudioVersion = 17.7.34031.279
MinimumVisualStudioVersion = 10.0.40219.1
Project("{FAE04EC0-301F-11D3-BF4B-00C04F79EFBC}") = "Ids4Empty", "Ids4Empty\Ids4Empty.csproj", "{A2C032DB-B1DC-453F-9364-1208942F0C7E}"
EndProject
Project("{FAE04EC0-301F-11D3-BF4B-00C04F79EFBC}") = "Ids4AdmUI", "Ids4AdmUI\Ids4AdmUI.csproj", "{509E026D-8B3C-4451-8B6F-D363F5E1AFB7}"
EndProject
Project("{FAE04EC0-301F-11D3-BF4B-00C04F79EFBC}") = "Ids4AspNetIdentity", "Ids4AspNetIdentity\Ids4AspNetIdentity.csproj", "{E20AFC9D-0D1E-4996-A1B8-F90EC285A3D4}"
EndProject
Project("{FAE04EC0-301F-11D3-BF4B-00C04F79EFBC}") = "Ids4EntityFramework", "Ids4EntityFramework\Ids4EntityFramework.csproj", "{E32B98E7-E4CA-4FF9-A3B8-BC63858A721E}"
EndProject
Project("{FAE04EC0-301F-11D3-BF4B-00C04F79EFBC}") = "Ids4InMemoryStore", "Ids4InMemoryStore\Ids4InMemoryStore.csproj", "{7974DBE0-4B7C-48A4-9DA6-989DFA7D1B62}"
EndProject
Global
	GlobalSection(SolutionConfigurationPlatforms) = preSolution
		Debug|Any CPU = Debug|Any CPU
		Release|Any CPU = Release|Any CPU
	EndGlobalSection
	GlobalSection(ProjectConfigurationPlatforms) = postSolution
		{A2C032DB-B1DC-453F-9364-1208942F0C7E}.Debug|Any CPU.ActiveCfg = Debug|Any CPU
		{A2C032DB-B1DC-453F-9364-1208942F0C7E}.Debug|Any CPU.Build.0 = Debug|Any CPU
		{A2C032DB-B1DC-453F-9364-1208942F0C7E}.Release|Any CPU.ActiveCfg = Release|Any CPU
		{A2C032DB-B1DC-453F-9364-1208942F0C7E}.Release|Any CPU.Build.0 = Release|Any CPU
		{509E026D-8B3C-4451-8B6F-D363F5E1AFB7}.Debug|Any CPU.ActiveCfg = Debug|Any CPU
		{509E026D-8B3C-4451-8B6F-D363F5E1AFB7}.Debug|Any CPU.Build.0 = Debug|Any CPU
		{509E026D-8B3C-4451-8B6F-D363F5E1AFB7}.Release|Any CPU.ActiveCfg = Release|Any CPU
		{509E026D-8B3C-4451-8B6F-D363F5E1AFB7}.Release|Any CPU.Build.0 = Release|Any CPU
		{E20AFC9D-0D1E-4996-A1B8-F90EC285A3D4}.Debug|Any CPU.ActiveCfg = Debug|Any CPU
		{E20AFC9D-0D1E-4996-A1B8-F90EC285A3D4}.Debug|Any CPU.Build.0 = Debug|Any CPU
		{E20AFC9D-0D1E-4996-A1B8-F90EC285A3D4}.Release|Any CPU.ActiveCfg = Release|Any CPU
		{E20AFC9D-0D1E-4996-A1B8-F90EC285A3D4}.Release|Any CPU.Build.0 = Release|Any CPU
		{E32B98E7-E4CA-4FF9-A3B8-BC63858A721E}.Debug|Any CPU.ActiveCfg = Debug|Any CPU
		{E32B98E7-E4CA-4FF9-A3B8-BC63858A721E}.Debug|Any CPU.Build.0 = Debug|Any CPU
		{E32B98E7-E4CA-4FF9-A3B8-BC63858A721E}.Release|Any CPU.ActiveCfg = Release|Any CPU
		{E32B98E7-E4CA-4FF9-A3B8-BC63858A721E}.Release|Any CPU.Build.0 = Release|Any CPU
		{7974DBE0-4B7C-48A4-9DA6-989DFA7D1B62}.Debug|Any CPU.ActiveCfg = Debug|Any CPU
		{7974DBE0-4B7C-48A4-9DA6-989DFA7D1B62}.Debug|Any CPU.Build.0 = Debug|Any CPU
		{7974DBE0-4B7C-48A4-9DA6-989DFA7D1B62}.Release|Any CPU.ActiveCfg = Release|Any CPU
		{7974DBE0-4B7C-48A4-9DA6-989DFA7D1B62}.Release|Any CPU.Build.0 = Release|Any CPU
	EndGlobalSection
	GlobalSection(SolutionProperties) = preSolution
		HideSolutionNode = FALSE
	EndGlobalSection
	GlobalSection(ExtensibilityGlobals) = postSolution
		SolutionGuid = {0A13CC60-6F6D-44A4-8B66-5006E50F984D}
	EndGlobalSection
EndGlobal
